
Microsoft Visual Studio Solution File, Format Version 12.00
# Visual Studio 2012
Project("{FAE04EC0-301F-11D3-BF4B-00C04F79EFBC}") = "hockeyappint.Android", "hockeyappint.Android\hockeyappint.Android.csproj", "{A86B38D7-FBFF-4D4D-A662-508FD4255B5B}"
EndProject
Project("{FAE04EC0-301F-11D3-BF4B-00C04F79EFBC}") = "hockeyappint.iOS", "hockeyappint.iOS\hockeyappint.iOS.csproj", "{69F62826-ECC5-4F76-AE3B-6976A6BDECB3}"
EndProject
Project("{FAE04EC0-301F-11D3-BF4B-00C04F79EFBC}") = "hockeyappint", "hockeyappint\hockeyappint.csproj", "{B6ADD4A2-312F-4703-B9B2-6F01B6DEE9A2}"
EndProject
Global
	GlobalSection(SolutionConfigurationPlatforms) = preSolution
		Debug|Any CPU = Debug|Any CPU
		Release|Any CPU = Release|Any CPU
		Debug|iPhoneSimulator = Debug|iPhoneSimulator
		Release|iPhoneSimulator = Release|iPhoneSimulator
		Debug|iPhone = Debug|iPhone
		Release|iPhone = Release|iPhone
		Ad-Hoc|iPhone = Ad-Hoc|iPhone
		AppStore|iPhone = AppStore|iPhone
	EndGlobalSection
	GlobalSection(ProjectConfigurationPlatforms) = postSolution
		{A86B38D7-FBFF-4D4D-A662-508FD4255B5B}.Debug|Any CPU.ActiveCfg = Debug|Any CPU
		{A86B38D7-FBFF-4D4D-A662-508FD4255B5B}.Debug|Any CPU.Build.0 = Debug|Any CPU
		{A86B38D7-FBFF-4D4D-A662-508FD4255B5B}.Release|Any CPU.ActiveCfg = Release|Any CPU
		{A86B38D7-FBFF-4D4D-A662-508FD4255B5B}.Release|Any CPU.Build.0 = Release|Any CPU
		{A86B38D7-FBFF-4D4D-A662-508FD4255B5B}.Debug|iPhoneSimulator.ActiveCfg = Debug|Any CPU
		{A86B38D7-FBFF-4D4D-A662-508FD4255B5B}.Debug|iPhoneSimulator.Build.0 = Debug|Any CPU
		{A86B38D7-FBFF-4D4D-A662-508FD4255B5B}.Release|iPhoneSimulator.ActiveCfg = Release|Any CPU
		{A86B38D7-FBFF-4D4D-A662-508FD4255B5B}.Release|iPhoneSimulator.Build.0 = Release|Any CPU
		{A86B38D7-FBFF-4D4D-A662-508FD4255B5B}.Debug|iPhone.ActiveCfg = Debug|Any CPU
		{A86B38D7-FBFF-4D4D-A662-508FD4255B5B}.Debug|iPhone.Build.0 = Debug|Any CPU
		{A86B38D7-FBFF-4D4D-A662-508FD4255B5B}.Release|iPhone.ActiveCfg = Release|Any CPU
		{A86B38D7-FBFF-4D4D-A662-508FD4255B5B}.Release|iPhone.Build.0 = Release|Any CPU
		{A86B38D7-FBFF-4D4D-A662-508FD4255B5B}.Ad-Hoc|iPhone.ActiveCfg = Debug|Any CPU
		{A86B38D7-FBFF-4D4D-A662-508FD4255B5B}.Ad-Hoc|iPhone.Build.0 = Debug|Any CPU
		{A86B38D7-FBFF-4D4D-A662-508FD4255B5B}.AppStore|iPhone.ActiveCfg = Debug|Any CPU
		{A86B38D7-FBFF-4D4D-A662-508FD4255B5B}.AppStore|iPhone.Build.0 = Debug|Any CPU
		{69F62826-ECC5-4F76-AE3B-6976A6BDECB3}.Debug|Any CPU.ActiveCfg = Debug|iPhoneSimulator
		{69F62826-ECC5-4F76-AE3B-6976A6BDECB3}.Debug|Any CPU.Build.0 = Debug|iPhoneSimulator
		{69F62826-ECC5-4F76-AE3B-6976A6BDECB3}.Release|Any CPU.ActiveCfg = Release|iPhoneSimulator
		{69F62826-ECC5-4F76-AE3B-6976A6BDECB3}.Release|Any CPU.Build.0 = Release|iPhoneSimulator
		{69F62826-ECC5-4F76-AE3B-6976A6BDECB3}.Debug|iPhoneSimulator.ActiveCfg = Debug|iPhoneSimulator
		{69F62826-ECC5-4F76-AE3B-6976A6BDECB3}.Debug|iPhoneSimulator.Build.0 = Debug|iPhoneSimulator
		{69F62826-ECC5-4F76-AE3B-6976A6BDECB3}.Release|iPhoneSimulator.ActiveCfg = Release|iPhoneSimulator
		{69F62826-ECC5-4F76-AE3B-6976A6BDECB3}.Release|iPhoneSimulator.Build.0 = Release|iPhoneSimulator
		{69F62826-ECC5-4F76-AE3B-6976A6BDECB3}.Debug|iPhone.ActiveCfg = Debug|iPhone
		{69F62826-ECC5-4F76-AE3B-6976A6BDECB3}.Debug|iPhone.Build.0 = Debug|iPhone
		{69F62826-ECC5-4F76-AE3B-6976A6BDECB3}.Release|iPhone.ActiveCfg = Release|iPhone
		{69F62826-ECC5-4F76-AE3B-6976A6BDECB3}.Release|iPhone.Build.0 = Release|iPhone
		{69F62826-ECC5-4F76-AE3B-6976A6BDECB3}.Ad-Hoc|iPhone.ActiveCfg = Ad-Hoc|iPhone
		{69F62826-ECC5-4F76-AE3B-6976A6BDECB3}.Ad-Hoc|iPhone.Build.0 = Ad-Hoc|iPhone
		{69F62826-ECC5-4F76-AE3B-6976A6BDECB3}.AppStore|iPhone.ActiveCfg = AppStore|iPhone
		{69F62826-ECC5-4F76-AE3B-6976A6BDECB3}.AppStore|iPhone.Build.0 = AppStore|iPhone
		{B6ADD4A2-312F-4703-B9B2-6F01B6DEE9A2}.Debug|Any CPU.ActiveCfg = Debug|Any CPU
		{B6ADD4A2-312F-4703-B9B2-6F01B6DEE9A2}.Debug|Any CPU.Build.0 = Debug|Any CPU
		{B6ADD4A2-312F-4703-B9B2-6F01B6DEE9A2}.Release|Any CPU.ActiveCfg = Release|Any CPU
		{B6ADD4A2-312F-4703-B9B2-6F01B6DEE9A2}.Release|Any CPU.Build.0 = Release|Any CPU
		{B6ADD4A2-312F-4703-B9B2-6F01B6DEE9A2}.Debug|iPhoneSimulator.ActiveCfg = Debug|Any CPU
		{B6ADD4A2-312F-4703-B9B2-6F01B6DEE9A2}.Debug|iPhoneSimulator.Build.0 = Debug|Any CPU
		{B6ADD4A2-312F-4703-B9B2-6F01B6DEE9A2}.Release|iPhoneSimulator.ActiveCfg = Release|Any CPU
		{B6ADD4A2-312F-4703-B9B2-6F01B6DEE9A2}.Release|iPhoneSimulator.Build.0 = Release|Any CPU
		{B6ADD4A2-312F-4703-B9B2-6F01B6DEE9A2}.Debug|iPhone.ActiveCfg = Debug|Any CPU
		{B6ADD4A2-312F-4703-B9B2-6F01B6DEE9A2}.Debug|iPhone.Build.0 = Debug|Any CPU
		{B6ADD4A2-312F-4703-B9B2-6F01B6DEE9A2}.Release|iPhone.ActiveCfg = Release|Any CPU
		{B6ADD4A2-312F-4703-B9B2-6F01B6DEE9A2}.Release|iPhone.Build.0 = Release|Any CPU
		{B6ADD4A2-312F-4703-B9B2-6F01B6DEE9A2}.Ad-Hoc|iPhone.ActiveCfg = Debug|Any CPU
		{B6ADD4A2-312F-4703-B9B2-6F01B6DEE9A2}.Ad-Hoc|iPhone.Build.0 = Debug|Any CPU
		{B6ADD4A2-312F-4703-B9B2-6F01B6DEE9A2}.AppStore|iPhone.ActiveCfg = Debug|Any CPU
		{B6ADD4A2-312F-4703-B9B2-6F01B6DEE9A2}.AppStore|iPhone.Build.0 = Debug|Any CPU
	EndGlobalSection
EndGlobal
